PODS:
  - SDCycleScrollView (1.74):
    - SDWebImage (>= 4.0.0)
  - SDWebImage (4.2.0):
    - SDWebImage/Core (= 4.2.0)
  - SDWebImage/Core (4.2.0)

DEPENDENCIES:
  - SDCycleScrollView (~> 1.73)

SPEC CHECKSUMS:
  SDCycleScrollView: f821215226f6146a35470721a9d6e83ec5cfb04b
  SDWebImage: b1189fd85365c18434270a11a5cad13a1e848d53

PODFILE CHECKSUM: 96786a26edf497b07f85753e60071a63c9d0847b

COCOAPODS: 1.1.1
