// !$*UTF8*$!
{
	archiveVersion = 1;
	classes = {
	};
	objectVersion = 48;
	objects = {

/* Begin PBXBuildFile section */
		4F3912931FA979130096EB79 /* AppDelegate.m in Sources */ = {isa = PBXBuildFile; fileRef = 4F3912921FA979130096EB79 /* AppDelegate.m */; };
		4F3912961FA979130096EB79 /* ViewController.mm in Sources */ = {isa = PBXBuildFile; fileRef = 4F3912951FA979130096EB79 /* ViewController.mm */; };
		4F3912991FA979130096EB79 /* Main.storyboard in Resources */ = {isa = PBXBuildFile; fileRef = 4F3912971FA979130096EB79 /* Main.storyboard */; };
		4F39129B1FA979130096EB79 /* Assets.xcassets in Resources */ = {isa = PBXBuildFile; fileRef = 4F39129A1FA979130096EB79 /* Assets.xcassets */; };
		4F39129E1FA979130096EB79 /* LaunchScreen.storyboard in Resources */ = {isa = PBXBuildFile; fileRef = 4F39129C1FA979130096EB79 /* LaunchScreen.storyboard */; };
		4F3912A11FA979130096EB79 /* main.m in Sources */ = {isa = PBXBuildFile; fileRef = 4F3912A01FA979130096EB79 /* main.m */; };
		4F3912AB1FA979130096EB79 /* LaprasBoxTests.m in Sources */ = {isa = PBXBuildFile; fileRef = 4F3912AA1FA979130096EB79 /* LaprasBoxTests.m */; };
		4F3912B61FA979130096EB79 /* LaprasBoxUITests.m in Sources */ = {isa = PBXBuildFile; fileRef = 4F3912B51FA979130096EB79 /* LaprasBoxUITests.m */; };
		4F3912C71FA98E1A0096EB79 /* libc++.tbd in Frameworks */ = {isa = PBXBuildFile; fileRef = 4F3912C61FA98E1A0096EB79 /* libc++.tbd */; };
		4F3912C91FA98E1F0096EB79 /* libz.tbd in Frameworks */ = {isa = PBXBuildFile; fileRef = 4F3912C81FA98E1F0096EB79 /* libz.tbd */; };
		4F3912CB1FA98E230096EB79 /* CoreGraphics.framework in Frameworks */ = {isa = PBXBuildFile; fileRef = 4F3912CA1FA98E230096EB79 /* CoreGraphics.framework */; };
		4F3912CD1FA98E2B0096EB79 /* Foundation.framework in Frameworks */ = {isa = PBXBuildFile; fileRef = 4F3912CC1FA98E2B0096EB79 /* Foundation.framework */; };
		4F3912CF1FA98E310096EB79 /* UIKit.framework in Frameworks */ = {isa = PBXBuildFile; fileRef = 4F3912CE1FA98E310096EB79 /* UIKit.framework */; };
		4F3912D11FA98E370096EB79 /* MobileCoreServices.framework in Frameworks */ = {isa = PBXBuildFile; fileRef = 4F3912D01FA98E370096EB79 /* MobileCoreServices.framework */; };
		4F3912D31FA98E3E0096EB79 /* MapKit.framework in Frameworks */ = {isa = PBXBuildFile; fileRef = 4F3912D21FA98E3E0096EB79 /* MapKit.framework */; };
		4F3912D51FA98E420096EB79 /* QuartzCore.framework in Frameworks */ = {isa = PBXBuildFile; fileRef = 4F3912D41FA98E420096EB79 /* QuartzCore.framework */; };
		4F3912D71FA98E480096EB79 /* libsqlite3.tbd in Frameworks */ = {isa = PBXBuildFile; fileRef = 4F3912D61FA98E480096EB79 /* libsqlite3.tbd */; };
		4F3912D91FA98E590096EB79 /* SystemConfiguration.framework in Frameworks */ = {isa = PBXBuildFile; fileRef = 4F3912D81FA98E590096EB79 /* SystemConfiguration.framework */; };
		4F3912DB1FA98E5D0096EB79 /* CoreLocation.framework in Frameworks */ = {isa = PBXBuildFile; fileRef = 4F3912DA1FA98E5D0096EB79 /* CoreLocation.framework */; };
		4F3912DD1FA98E640096EB79 /* CoreData.framework in Frameworks */ = {isa = PBXBuildFile; fileRef = 4F3912DC1FA98E640096EB79 /* CoreData.framework */; };
		4F3912DF1FA98E6A0096EB79 /* CoreImage.framework in Frameworks */ = {isa = PBXBuildFile; fileRef = 4F3912DE1FA98E6A0096EB79 /* CoreImage.framework */; };
		4F3912E11FA98E6F0096EB79 /* AVFoundation.framework in Frameworks */ = {isa = PBXBuildFile; fileRef = 4F3912E01FA98E6F0096EB79 /* AVFoundation.framework */; };
		4F3912E31FA98E750096EB79 /* CoreMedia.framework in Frameworks */ = {isa = PBXBuildFile; fileRef = 4F3912E21FA98E750096EB79 /* CoreMedia.framework */; };
		4F3912E51FA98E7B0096EB79 /* AssetsLibrary.framework in Frameworks */ = {isa = PBXBuildFile; fileRef = 4F3912E41FA98E7B0096EB79 /* AssetsLibrary.framework */; };
		4F3912E71FA98E810096EB79 /* CoreVideo.framework in Frameworks */ = {isa = PBXBuildFile; fileRef = 4F3912E61FA98E810096EB79 /* CoreVideo.framework */; };
		4F3912E91FA98EB90096EB79 /* opencv2.framework in Frameworks */ = {isa = PBXBuildFile; fileRef = 4F3912E81FA98EB90096EB79 /* opencv2.framework */; };
/* End PBXBuildFile section */

/* Begin PBXContainerItemProxy section */
		4F3912A71FA979130096EB79 /* PBXContainerItemProxy */ = {
			isa = PBXContainerItemProxy;
			containerPortal = 4F3912861FA979130096EB79 /* Project object */;
			proxyType = 1;
			remoteGlobalIDString = 4F39128D1FA979130096EB79;
			remoteInfo = LaprasBox;
		};
		4F3912B21FA979130096EB79 /* PBXContainerItemProxy */ = {
			isa = PBXContainerItemProxy;
			containerPortal = 4F3912861FA979130096EB79 /* Project object */;
			proxyType = 1;
			remoteGlobalIDString = 4F39128D1FA979130096EB79;
			remoteInfo = LaprasBox;
		};
/* End PBXContainerItemProxy section */

/* Begin PBXFileReference section */
		4F39128E1FA979130096EB79 /* LaprasBox.app */ = {isa = PBXFileReference; explicitFileType = wrapper.application; includeInIndex = 0; path = LaprasBox.app; sourceTree = BUILT_PRODUCTS_DIR; };
		4F3912911FA979130096EB79 /* AppDelegate.h */ = {isa = PBXFileReference; lastKnownFileType = sourcecode.c.h; path = AppDelegate.h; sourceTree = "<group>"; };
		4F3912921FA979130096EB79 /* AppDelegate.m */ = {isa = PBXFileReference; lastKnownFileType = sourcecode.c.objc; path = AppDelegate.m; sourceTree = "<group>"; };
		4F3912941FA979130096EB79 /* ViewController.h */ = {isa = PBXFileReference; lastKnownFileType = sourcecode.c.h; path = ViewController.h; sourceTree = "<group>"; };
		4F3912951FA979130096EB79 /* ViewController.mm */ = {isa = PBXFileReference; lastKnownFileType = sourcecode.cpp.objcpp; path = ViewController.mm; sourceTree = "<group>"; };
		4F3912981FA979130096EB79 /* Base */ = {isa = PBXFileReference; lastKnownFileType = file.storyboard; name = Base; path = Base.lproj/Main.storyboard; sourceTree = "<group>"; };
		4F39129A1FA979130096EB79 /* Assets.xcassets */ = {isa = PBXFileReference; lastKnownFileType = folder.assetcatalog; path = Assets.xcassets; sourceTree = "<group>"; };
		4F39129D1FA979130096EB79 /* Base */ = {isa = PBXFileReference; lastKnownFileType = file.storyboard; name = Base; path = Base.lproj/LaunchScreen.storyboard; sourceTree = "<group>"; };
		4F39129F1FA979130096EB79 /* Info.plist */ = {isa = PBXFileReference; lastKnownFileType = text.plist.xml; path = Info.plist; sourceTree = "<group>"; };
		4F3912A01FA979130096EB79 /* main.m */ = {isa = PBXFileReference; lastKnownFileType = sourcecode.c.objc; path = main.m; sourceTree = "<group>"; };
		4F3912A61FA979130096EB79 /* LaprasBoxTests.xctest */ = {isa = PBXFileReference; explicitFileType = wrapper.cfbundle; includeInIndex = 0; path = LaprasBoxTests.xctest; sourceTree = BUILT_PRODUCTS_DIR; };
		4F3912AA1FA979130096EB79 /* LaprasBoxTests.m */ = {isa = PBXFileReference; lastKnownFileType = sourcecode.c.objc; path = LaprasBoxTests.m; sourceTree = "<group>"; };
		4F3912AC1FA979130096EB79 /* Info.plist */ = {isa = PBXFileReference; lastKnownFileType = text.plist.xml; path = Info.plist; sourceTree = "<group>"; };
		4F3912B11FA979130096EB79 /* LaprasBoxUITests.xctest */ = {isa = PBXFileReference; explicitFileType = wrapper.cfbundle; includeInIndex = 0; path = LaprasBoxUITests.xctest; sourceTree = BUILT_PRODUCTS_DIR; };
		4F3912B51FA979130096EB79 /* LaprasBoxUITests.m */ = {isa = PBXFileReference; lastKnownFileType = sourcecode.c.objc; path = LaprasBoxUITests.m; sourceTree = "<group>"; };
		4F3912B71FA979130096EB79 /* Info.plist */ = {isa = PBXFileReference; lastKnownFileType = text.plist.xml; path = Info.plist; sourceTree = "<group>"; };
		4F3912C41FA98D470096EB79 /* one.pch */ = {isa = PBXFileReference; lastKnownFileType = sourcecode.c.h; path = one.pch; sourceTree = "<group>"; };
		4F3912C61FA98E1A0096EB79 /* libc++.tbd */ = {isa = PBXFileReference; lastKnownFileType = "sourcecode.text-based-dylib-definition"; name = "libc++.tbd"; path = "usr/lib/libc++.tbd"; sourceTree = SDKROOT; };
		4F3912C81FA98E1F0096EB79 /* libz.tbd */ = {isa = PBXFileReference; lastKnownFileType = "sourcecode.text-based-dylib-definition"; name = libz.tbd; path = usr/lib/libz.tbd; sourceTree = SDKROOT; };
		4F3912CA1FA98E230096EB79 /* CoreGraphics.framework */ = {isa = PBXFileReference; lastKnownFileType = wrapper.framework; name = CoreGraphics.framework; path = System/Library/Frameworks/CoreGraphics.framework; sourceTree = SDKROOT; };
		4F3912CC1FA98E2B0096EB79 /* Foundation.framework */ = {isa = PBXFileReference; lastKnownFileType = wrapper.framework; name = Foundation.framework; path = System/Library/Frameworks/Foundation.framework; sourceTree = SDKROOT; };
		4F3912CE1FA98E310096EB79 /* UIKit.framework */ = {isa = PBXFileReference; lastKnownFileType = wrapper.framework; name = UIKit.framework; path = System/Library/Frameworks/UIKit.framework; sourceTree = SDKROOT; };
		4F3912D01FA98E370096EB79 /* MobileCoreServices.framework */ = {isa = PBXFileReference; lastKnownFileType = wrapper.framework; name = MobileCoreServices.framework; path = System/Library/Frameworks/MobileCoreServices.framework; sourceTree = SDKROOT; };
		4F3912D21FA98E3E0096EB79 /* MapKit.framework */ = {isa = PBXFileReference; lastKnownFileType = wrapper.framework; name = MapKit.framework; path = System/Library/Frameworks/MapKit.framework; sourceTree = SDKROOT; };
		4F3912D41FA98E420096EB79 /* QuartzCore.framework */ = {isa = PBXFileReference; lastKnownFileType = wrapper.framework; name = QuartzCore.framework; path = System/Library/Frameworks/QuartzCore.framework; sourceTree = SDKROOT; };
		4F3912D61FA98E480096EB79 /* libsqlite3.tbd */ = {isa = PBXFileReference; lastKnownFileType = "sourcecode.text-based-dylib-definition"; name = libsqlite3.tbd; path = usr/lib/libsqlite3.tbd; sourceTree = SDKROOT; };
		4F3912D81FA98E590096EB79 /* SystemConfiguration.framework */ = {isa = PBXFileReference; lastKnownFileType = wrapper.framework; name = SystemConfiguration.framework; path = System/Library/Frameworks/SystemConfiguration.framework; sourceTree = SDKROOT; };
		4F3912DA1FA98E5D0096EB79 /* CoreLocation.framework */ = {isa = PBXFileReference; lastKnownFileType = wrapper.framework; name = CoreLocation.framework; path = System/Library/Frameworks/CoreLocation.framework; sourceTree = SDKROOT; };
		4F3912DC1FA98E640096EB79 /* CoreData.framework */ = {isa = PBXFileReference; lastKnownFileType = wrapper.framework; name = CoreData.framework; path = System/Library/Frameworks/CoreData.framework; sourceTree = SDKROOT; };
		4F3912DE1FA98E6A0096EB79 /* CoreImage.framework */ = {isa = PBXFileReference; lastKnownFileType = wrapper.framework; name = CoreImage.framework; path = System/Library/Frameworks/CoreImage.framework; sourceTree = SDKROOT; };
		4F3912E01FA98E6F0096EB79 /* AVFoundation.framework */ = {isa = PBXFileReference; lastKnownFileType = wrapper.framework; name = AVFoundation.framework; path = System/Library/Frameworks/AVFoundation.framework; sourceTree = SDKROOT; };
		4F3912E21FA98E750096EB79 /* CoreMedia.framework */ = {isa = PBXFileReference; lastKnownFileType = wrapper.framework; name = CoreMedia.framework; path = System/Library/Frameworks/CoreMedia.framework; sourceTree = SDKROOT; };
		4F3912E41FA98E7B0096EB79 /* AssetsLibrary.framework */ = {isa = PBXFileReference; lastKnownFileType = wrapper.framework; name = AssetsLibrary.framework; path = System/Library/Frameworks/AssetsLibrary.framework; sourceTree = SDKROOT; };
		4F3912E61FA98E810096EB79 /* CoreVideo.framework */ = {isa = PBXFileReference; lastKnownFileType = wrapper.framework; name = CoreVideo.framework; path = System/Library/Frameworks/CoreVideo.framework; sourceTree = SDKROOT; };
		4F3912E81FA98EB90096EB79 /* opencv2.framework */ = {isa = PBXFileReference; lastKnownFileType = wrapper.framework; path = opencv2.framework; sourceTree = "<group>"; };
/* End PBXFileReference section */

/* Begin PBXFrameworksBuildPhase section */
		4F39128B1FA979130096EB79 /* Frameworks */ = {
			isa = PBXFrameworksBuildPhase;
			buildActionMask = 2147483647;
			files = (
				4F3912E71FA98E810096EB79 /* CoreVideo.framework in Frameworks */,
				4F3912E51FA98E7B0096EB79 /* AssetsLibrary.framework in Frameworks */,
				4F3912E31FA98E750096EB79 /* CoreMedia.framework in Frameworks */,
				4F3912E11FA98E6F0096EB79 /* AVFoundation.framework in Frameworks */,
				4F3912DF1FA98E6A0096EB79 /* CoreImage.framework in Frameworks */,
				4F3912DD1FA98E640096EB79 /* CoreData.framework in Frameworks */,
				4F3912DB1FA98E5D0096EB79 /* CoreLocation.framework in Frameworks */,
				4F3912D91FA98E590096EB79 /* SystemConfiguration.framework in Frameworks */,
				4F3912D71FA98E480096EB79 /* libsqlite3.tbd in Frameworks */,
				4F3912D51FA98E420096EB79 /* QuartzCore.framework in Frameworks */,
				4F3912D31FA98E3E0096EB79 /* MapKit.framework in Frameworks */,
				4F3912D11FA98E370096EB79 /* MobileCoreServices.framework in Frameworks */,
				4F3912E91FA98EB90096EB79 /* opencv2.framework in Frameworks */,
				4F3912CF1FA98E310096EB79 /* UIKit.framework in Frameworks */,
				4F3912CD1FA98E2B0096EB79 /* Foundation.framework in Frameworks */,
				4F3912CB1FA98E230096EB79 /* CoreGraphics.framework in Frameworks */,
				4F3912C91FA98E1F0096EB79 /* libz.tbd in Frameworks */,
				4F3912C71FA98E1A0096EB79 /* libc++.tbd in Frameworks */,
			);
			runOnlyForDeploymentPostprocessing = 0;
		};
		4F3912A31FA979130096EB79 /* Frameworks */ = {
			isa = PBXFrameworksBuildPhase;
			buildActionMask = 2147483647;
			files = (
			);
			runOnlyForDeploymentPostprocessing = 0;
		};
		4F3912AE1FA979130096EB79 /* Frameworks */ = {
			isa = PBXFrameworksBuildPhase;
			buildActionMask = 2147483647;
			files = (
			);
			runOnlyForDeploymentPostprocessing = 0;
		};
/* End PBXFrameworksBuildPhase section */

/* Begin PBXGroup section */
		4F3912851FA979130096EB79 = {
			isa = PBXGroup;
			children = (
				4F3912901FA979130096EB79 /* LaprasBox */,
				4F3912A91FA979130096EB79 /* LaprasBoxTests */,
				4F3912B41FA979130096EB79 /* LaprasBoxUITests */,
				4F39128F1FA979130096EB79 /* Products */,
				4F3912C51FA98E1A0096EB79 /* Frameworks */,
			);
			sourceTree = "<group>";
		};
		4F39128F1FA979130096EB79 /* Products */ = {
			isa = PBXGroup;
			children = (
				4F39128E1FA979130096EB79 /* LaprasBox.app */,
				4F3912A61FA979130096EB79 /* LaprasBoxTests.xctest */,
				4F3912B11FA979130096EB79 /* LaprasBoxUITests.xctest */,
			);
			name = Products;
			sourceTree = "<group>";
		};
		4F3912901FA979130096EB79 /* LaprasBox */ = {
			isa = PBXGroup;
			children = (
				4F3912E81FA98EB90096EB79 /* opencv2.framework */,
				4F3912911FA979130096EB79 /* AppDelegate.h */,
				4F3912921FA979130096EB79 /* AppDelegate.m */,
				4F3912941FA979130096EB79 /* ViewController.h */,
				4F3912951FA979130096EB79 /* ViewController.mm */,
				4F3912C41FA98D470096EB79 /* one.pch */,
				4F3912971FA979130096EB79 /* Main.storyboard */,
				4F39129A1FA979130096EB79 /* Assets.xcassets */,
				4F39129C1FA979130096EB79 /* LaunchScreen.storyboard */,
				4F39129F1FA979130096EB79 /* Info.plist */,
				4F3912A01FA979130096EB79 /* main.m */,
			);
			path = LaprasBox;
			sourceTree = "<group>";
		};
		4F3912A91FA979130096EB79 /* LaprasBoxTests */ = {
			isa = PBXGroup;
			children = (
				4F3912AA1FA979130096EB79 /* LaprasBoxTests.m */,
				4F3912AC1FA979130096EB79 /* Info.plist */,
			);
			path = LaprasBoxTests;
			sourceTree = "<group>";
		};
		4F3912B41FA979130096EB79 /* LaprasBoxUITests */ = {
			isa = PBXGroup;
			children = (
				4F3912B51FA979130096EB79 /* LaprasBoxUITests.m */,
				4F3912B71FA979130096EB79 /* Info.plist */,
			);
			path = LaprasBoxUITests;
			sourceTree = "<group>";
		};
		4F3912C51FA98E1A0096EB79 /* Frameworks */ = {
			isa = PBXGroup;
			children = (
				4F3912E61FA98E810096EB79 /* CoreVideo.framework */,
				4F3912E41FA98E7B0096EB79 /* AssetsLibrary.framework */,
				4F3912E21FA98E750096EB79 /* CoreMedia.framework */,
				4F3912E01FA98E6F0096EB79 /* AVFoundation.framework */,
				4F3912DE1FA98E6A0096EB79 /* CoreImage.framework */,
				4F3912DC1FA98E640096EB79 /* CoreData.framework */,
				4F3912DA1FA98E5D0096EB79 /* CoreLocation.framework */,
				4F3912D81FA98E590096EB79 /* SystemConfiguration.framework */,
				4F3912D61FA98E480096EB79 /* libsqlite3.tbd */,
				4F3912D41FA98E420096EB79 /* QuartzCore.framework */,
				4F3912D21FA98E3E0096EB79 /* MapKit.framework */,
				4F3912D01FA98E370096EB79 /* MobileCoreServices.framework */,
				4F3912CE1FA98E310096EB79 /* UIKit.framework */,
				4F3912CC1FA98E2B0096EB79 /* Foundation.framework */,
				4F3912CA1FA98E230096EB79 /* CoreGraphics.framework */,
				4F3912C81FA98E1F0096EB79 /* libz.tbd */,
				4F3912C61FA98E1A0096EB79 /* libc++.tbd */,
			);
			name = Frameworks;
			sourceTree = "<group>";
		};
/* End PBXGroup section */

/* Begin PBXNativeTarget section */
		4F39128D1FA979130096EB79 /* LaprasBox */ = {
			isa = PBXNativeTarget;
			buildConfigurationList = 4F3912BA1FA979130096EB79 /* Build configuration list for PBXNativeTarget "LaprasBox" */;
			buildPhases = (
				4F39128A1FA979130096EB79 /* Sources */,
				4F39128B1FA979130096EB79 /* Frameworks */,
				4F39128C1FA979130096EB79 /* Resources */,
			);
			buildRules = (
			);
			dependencies = (
			);
			name = LaprasBox;
			productName = LaprasBox;
			productReference = 4F39128E1FA979130096EB79 /* LaprasBox.app */;
			productType = "com.apple.product-type.application";
		};
		4F3912A51FA979130096EB79 /* LaprasBoxTests */ = {
			isa = PBXNativeTarget;
			buildConfigurationList = 4F3912BD1FA979130096EB79 /* Build configuration list for PBXNativeTarget "LaprasBoxTests" */;
			buildPhases = (
				4F3912A21FA979130096EB79 /* Sources */,
				4F3912A31FA979130096EB79 /* Frameworks */,
				4F3912A41FA979130096EB79 /* Resources */,
			);
			buildRules = (
			);
			dependencies = (
				4F3912A81FA979130096EB79 /* PBXTargetDependency */,
			);
			name = LaprasBoxTests;
			productName = LaprasBoxTests;
			productReference = 4F3912A61FA979130096EB79 /* LaprasBoxTests.xctest */;
			productType = "com.apple.product-type.bundle.unit-test";
		};
		4F3912B01FA979130096EB79 /* LaprasBoxUITests */ = {
			isa = PBXNativeTarget;
			buildConfigurationList = 4F3912C01FA979130096EB79 /* Build configuration list for PBXNativeTarget "LaprasBoxUITests" */;
			buildPhases = (
				4F3912AD1FA979130096EB79 /* Sources */,
				4F3912AE1FA979130096EB79 /* Frameworks */,
				4F3912AF1FA979130096EB79 /* Resources */,
			);
			buildRules = (
			);
			dependencies = (
				4F3912B31FA979130096EB79 /* PBXTargetDependency */,
			);
			name = LaprasBoxUITests;
			productName = LaprasBoxUITests;
			productReference = 4F3912B11FA979130096EB79 /* LaprasBoxUITests.xctest */;
			productType = "com.apple.product-type.bundle.ui-testing";
		};
/* End PBXNativeTarget section */

/* Begin PBXProject section */
		4F3912861FA979130096EB79 /* Project object */ = {
			isa = PBXProject;
			attributes = {
				LastUpgradeCheck = 0900;
				ORGANIZATIONNAME = "陈威利";
				TargetAttributes = {
					4F39128D1FA979130096EB79 = {
						CreatedOnToolsVersion = 9.0;
						ProvisioningStyle = Automatic;
					};
					4F3912A51FA979130096EB79 = {
						CreatedOnToolsVersion = 9.0;
						ProvisioningStyle = Automatic;
						TestTargetID = 4F39128D1FA979130096EB79;
					};
					4F3912B01FA979130096EB79 = {
						CreatedOnToolsVersion = 9.0;
						ProvisioningStyle = Automatic;
						TestTargetID = 4F39128D1FA979130096EB79;
					};
				};
			};
			buildConfigurationList = 4F3912891FA979130096EB79 /* Build configuration list for PBXProject "LaprasBox" */;
			compatibilityVersion = "Xcode 8.0";
			developmentRegion = en;
			hasScannedForEncodings = 0;
			knownRegions = (
				en,
				Base,
			);
			mainGroup = 4F3912851FA979130096EB79;
			productRefGroup = 4F39128F1FA979130096EB79 /* Products */;
			projectDirPath = "";
			projectRoot = "";
			targets = (
				4F39128D1FA979130096EB79 /* LaprasBox */,
				4F3912A51FA979130096EB79 /* LaprasBoxTests */,
				4F3912B01FA979130096EB79 /* LaprasBoxUITests */,
			);
		};
/* End PBXProject section */

/* Begin PBXResourcesBuildPhase section */
		4F39128C1FA979130096EB79 /* Resources */ = {
			isa = PBXResourcesBuildPhase;
			buildActionMask = 2147483647;
			files = (
				4F39129E1FA979130096EB79 /* LaunchScreen.storyboard in Resources */,
				4F39129B1FA979130096EB79 /* Assets.xcassets in Resources */,
				4F3912991FA979130096EB79 /* Main.storyboard in Resources */,
			);
			runOnlyForDeploymentPostprocessing = 0;
		};
		4F3912A41FA979130096EB79 /* Resources */ = {
			isa = PBXResourcesBuildPhase;
			buildActionMask = 2147483647;
			files = (
			);
			runOnlyForDeploymentPostprocessing = 0;
		};
		4F3912AF1FA979130096EB79 /* Resources */ = {
			isa = PBXResourcesBuildPhase;
			buildActionMask = 2147483647;
			files = (
			);
			runOnlyForDeploymentPostprocessing = 0;
		};
/* End PBXResourcesBuildPhase section */

/* Begin PBXSourcesBuildPhase section */
		4F39128A1FA979130096EB79 /* Sources */ = {
			isa = PBXSourcesBuildPhase;
			buildActionMask = 2147483647;
			files = (
				4F3912961FA979130096EB79 /* ViewController.mm in Sources */,
				4F3912A11FA979130096EB79 /* main.m in Sources */,
				4F3912931FA979130096EB79 /* AppDelegate.m in Sources */,
			);
			runOnlyForDeploymentPostprocessing = 0;
		};
		4F3912A21FA979130096EB79 /* Sources */ = {
			isa = PBXSourcesBuildPhase;
			buildActionMask = 2147483647;
			files = (
				4F3912AB1FA979130096EB79 /* LaprasBoxTests.m in Sources */,
			);
			runOnlyForDeploymentPostprocessing = 0;
		};
		4F3912AD1FA979130096EB79 /* Sources */ = {
			isa = PBXSourcesBuildPhase;
			buildActionMask = 2147483647;
			files = (
				4F3912B61FA979130096EB79 /* LaprasBoxUITests.m in Sources */,
			);
			runOnlyForDeploymentPostprocessing = 0;
		};
/* End PBXSourcesBuildPhase section */

/* Begin PBXTargetDependency section */
		4F3912A81FA979130096EB79 /* PBXTargetDependency */ = {
			isa = PBXTargetDependency;
			target = 4F39128D1FA979130096EB79 /* LaprasBox */;
			targetProxy = 4F3912A71FA979130096EB79 /* PBXContainerItemProxy */;
		};
		4F3912B31FA979130096EB79 /* PBXTargetDependency */ = {
			isa = PBXTargetDependency;
			target = 4F39128D1FA979130096EB79 /* LaprasBox */;
			targetProxy = 4F3912B21FA979130096EB79 /* PBXContainerItemProxy */;
		};
/* End PBXTargetDependency section */

/* Begin PBXVariantGroup section */
		4F3912971FA979130096EB79 /* Main.storyboard */ = {
			isa = PBXVariantGroup;
			children = (
				4F3912981FA979130096EB79 /* Base */,
			);
			name = Main.storyboard;
			sourceTree = "<group>";
		};
		4F39129C1FA979130096EB79 /* LaunchScreen.storyboard */ = {
			isa = PBXVariantGroup;
			children = (
				4F39129D1FA979130096EB79 /* Base */,
			);
			name = LaunchScreen.storyboard;
			sourceTree = "<group>";
		};
/* End PBXVariantGroup section */

/* Begin XCBuildConfiguration section */
		4F3912B81FA979130096EB79 /* Debug */ = {
			isa = XCBuildConfiguration;
			buildSettings = {
				ALWAYS_SEARCH_USER_PATHS = NO;
				CLANG_ANALYZER_NONNULL = YES;
				CLANG_ANALYZER_NUMBER_OBJECT_CONVERSION = YES_AGGRESSIVE;
				CLANG_CXX_LANGUAGE_STANDARD = "gnu++14";
				CLANG_CXX_LIBRARY = "libc++";
				CLANG_ENABLE_MODULES = YES;
				CLANG_ENABLE_OBJC_ARC = YES;
				CLANG_WARN_BLOCK_CAPTURE_AUTORELEASING = YES;
				CLANG_WARN_BOOL_CONVERSION = YES;
				CLANG_WARN_COMMA = YES;
				CLANG_WARN_CONSTANT_CONVERSION = YES;
				CLANG_WARN_DIRECT_OBJC_ISA_USAGE = YES_ERROR;
				CLANG_WARN_DOCUMENTATION_COMMENTS = YES;
				CLANG_WARN_EMPTY_BODY = YES;
				CLANG_WARN_ENUM_CONVERSION = YES;
				CLANG_WARN_INFINITE_RECURSION = YES;
				CLANG_WARN_INT_CONVERSION = YES;
				CLANG_WARN_NON_LITERAL_NULL_CONVERSION = YES;
				CLANG_WARN_OBJC_LITERAL_CONVERSION = YES;
				CLANG_WARN_OBJC_ROOT_CLASS = YES_ERROR;
				CLANG_WARN_RANGE_LOOP_ANALYSIS = YES;
				CLANG_WARN_STRICT_PROTOTYPES = YES;
				CLANG_WARN_SUSPICIOUS_MOVE = YES;
				CLANG_WARN_UNGUARDED_AVAILABILITY = YES_AGGRESSIVE;
				CLANG_WARN_UNREACHABLE_CODE = YES;
				CLANG_WARN__DUPLICATE_METHOD_MATCH = YES;
				CODE_SIGN_IDENTITY = "iPhone Developer";
				COPY_PHASE_STRIP = NO;
				DEBUG_INFORMATION_FORMAT = dwarf;
				ENABLE_STRICT_OBJC_MSGSEND = YES;
				ENABLE_TESTABILITY = YES;
				GCC_C_LANGUAGE_STANDARD = gnu11;
				GCC_DYNAMIC_NO_PIC = NO;
				GCC_NO_COMMON_BLOCKS = YES;
				GCC_OPTIMIZATION_LEVEL = 0;
				GCC_PREPROCESSOR_DEFINITIONS = (
					"DEBUG=1",
					"$(inherited)",
				);
				GCC_WARN_64_TO_32_BIT_CONVERSION = YES;
				GCC_WARN_ABOUT_RETURN_TYPE = YES_ERROR;
				GCC_WARN_UNDECLARED_SELECTOR = YES;
				GCC_WARN_UNINITIALIZED_AUTOS = YES_AGGRESSIVE;
				GCC_WARN_UNUSED_FUNCTION = YES;
				GCC_WARN_UNUSED_VARIABLE = YES;
				IPHONEOS_DEPLOYMENT_TARGET = 11.0;
				MTL_ENABLE_DEBUG_INFO = YES;
				ONLY_ACTIVE_ARCH = YES;
				SDKROOT = iphoneos;
			};
			name = Debug;
		};
		4F3912B91FA979130096EB79 /* Release */ = {
			isa = XCBuildConfiguration;
			buildSettings = {
				ALWAYS_SEARCH_USER_PATHS = NO;
				CLANG_ANALYZER_NONNULL = YES;
				CLANG_ANALYZER_NUMBER_OBJECT_CONVERSION = YES_AGGRESSIVE;
				CLANG_CXX_LANGUAGE_STANDARD = "gnu++14";
				CLANG_CXX_LIBRARY = "libc++";
				CLANG_ENABLE_MODULES = YES;
				CLANG_ENABLE_OBJC_ARC = YES;
				CLANG_WARN_BLOCK_CAPTURE_AUTORELEASING = YES;
				CLANG_WARN_BOOL_CONVERSION = YES;
				CLANG_WARN_COMMA = YES;
				CLANG_WARN_CONSTANT_CONVERSION = YES;
				CLANG_WARN_DIRECT_OBJC_ISA_USAGE = YES_ERROR;
				CLANG_WARN_DOCUMENTATION_COMMENTS = YES;
				CLANG_WARN_EMPTY_BODY = YES;
				CLANG_WARN_ENUM_CONVERSION = YES;
				CLANG_WARN_INFINITE_RECURSION = YES;
				CLANG_WARN_INT_CONVERSION = YES;
				CLANG_WARN_NON_LITERAL_NULL_CONVERSION = YES;
				CLANG_WARN_OBJC_LITERAL_CONVERSION = YES;
				CLANG_WARN_OBJC_ROOT_CLASS = YES_ERROR;
				CLANG_WARN_RANGE_LOOP_ANALYSIS = YES;
				CLANG_WARN_STRICT_PROTOTYPES = YES;
				CLANG_WARN_SUSPICIOUS_MOVE = YES;
				CLANG_WARN_UNGUARDED_AVAILABILITY = YES_AGGRESSIVE;
				CLANG_WARN_UNREACHABLE_CODE = YES;
				CLANG_WARN__DUPLICATE_METHOD_MATCH = YES;
				CODE_SIGN_IDENTITY = "iPhone Developer";
				COPY_PHASE_STRIP = NO;
				DEBUG_INFORMATION_FORMAT = "dwarf-with-dsym";
				ENABLE_NS_ASSERTIONS = NO;
				ENABLE_STRICT_OBJC_MSGSEND = YES;
				GCC_C_LANGUAGE_STANDARD = gnu11;
				GCC_NO_COMMON_BLOCKS = YES;
				GCC_WARN_64_TO_32_BIT_CONVERSION = YES;
				GCC_WARN_ABOUT_RETURN_TYPE = YES_ERROR;
				GCC_WARN_UNDECLARED_SELECTOR = YES;
				GCC_WARN_UNINITIALIZED_AUTOS = YES_AGGRESSIVE;
				GCC_WARN_UNUSED_FUNCTION = YES;
				GCC_WARN_UNUSED_VARIABLE = YES;
				IPHONEOS_DEPLOYMENT_TARGET = 11.0;
				MTL_ENABLE_DEBUG_INFO = NO;
				SDKROOT = iphoneos;
				VALIDATE_PRODUCT = YES;
			};
			name = Release;
		};
		4F3912BB1FA979130096EB79 /* Debug */ = {
			isa = XCBuildConfiguration;
			buildSettings = {
				ASSETCATALOG_COMPILER_APPICON_NAME = AppIcon;
				CODE_SIGN_STYLE = Automatic;
				DEVELOPMENT_TEAM = J995UNL2CV;
				FRAMEWORK_SEARCH_PATHS = (
					"$(inherited)",
					"$(PROJECT_DIR)/LaprasBox",
				);
				GCC_PRECOMPILE_PREFIX_HEADER = YES;
				GCC_PREFIX_HEADER = "$(SRCROOT)/LaprasBox/one.pch";
				INFOPLIST_FILE = LaprasBox/Info.plist;
				LD_RUNPATH_SEARCH_PATHS = "$(inherited) @executable_path/Frameworks";
				PRODUCT_BUNDLE_IDENTIFIER = "-34112686-163.com.LaprasBox";
				PRODUCT_NAME = "$(TARGET_NAME)";
				TARGETED_DEVICE_FAMILY = "1,2";
			};
			name = Debug;
		};
		4F3912BC1FA979130096EB79 /* Release */ = {
			isa = XCBuildConfiguration;
			buildSettings = {
				ASSETCATALOG_COMPILER_APPICON_NAME = AppIcon;
				CODE_SIGN_STYLE = Automatic;
				DEVELOPMENT_TEAM = J995UNL2CV;
				FRAMEWORK_SEARCH_PATHS = (
					"$(inherited)",
					"$(PROJECT_DIR)/LaprasBox",
				);
				GCC_PRECOMPILE_PREFIX_HEADER = YES;
				GCC_PREFIX_HEADER = "$(SRCROOT)/LaprasBox/one.pch";
				INFOPLIST_FILE = LaprasBox/Info.plist;
				LD_RUNPATH_SEARCH_PATHS = "$(inherited) @executable_path/Frameworks";
				PRODUCT_BUNDLE_IDENTIFIER = "-34112686-163.com.LaprasBox";
				PRODUCT_NAME = "$(TARGET_NAME)";
				TARGETED_DEVICE_FAMILY = "1,2";
			};
			name = Release;
		};
		4F3912BE1FA979130096EB79 /* Debug */ = {
			isa = XCBuildConfiguration;
			buildSettings = {
				BUNDLE_LOADER = "$(TEST_HOST)";
				CODE_SIGN_STYLE = Automatic;
				DEVELOPMENT_TEAM = J995UNL2CV;
				INFOPLIST_FILE = LaprasBoxTests/Info.plist;
				LD_RUNPATH_SEARCH_PATHS = "$(inherited) @executable_path/Frameworks @loader_path/Frameworks";
				PRODUCT_BUNDLE_IDENTIFIER = "-34112686-163.com.LaprasBoxTests";
				PRODUCT_NAME = "$(TARGET_NAME)";
				TARGETED_DEVICE_FAMILY = "1,2";
				TEST_HOST = "$(BUILT_PRODUCTS_DIR)/LaprasBox.app/LaprasBox";
			};
			name = Debug;
		};
		4F3912BF1FA979130096EB79 /* Release */ = {
			isa = XCBuildConfiguration;
			buildSettings = {
				BUNDLE_LOADER = "$(TEST_HOST)";
				CODE_SIGN_STYLE = Automatic;
				DEVELOPMENT_TEAM = J995UNL2CV;
				INFOPLIST_FILE = LaprasBoxTests/Info.plist;
				LD_RUNPATH_SEARCH_PATHS = "$(inherited) @executable_path/Frameworks @loader_path/Frameworks";
				PRODUCT_BUNDLE_IDENTIFIER = "-34112686-163.com.LaprasBoxTests";
				PRODUCT_NAME = "$(TARGET_NAME)";
				TARGETED_DEVICE_FAMILY = "1,2";
				TEST_HOST = "$(BUILT_PRODUCTS_DIR)/LaprasBox.app/LaprasBox";
			};
			name = Release;
		};
		4F3912C11FA979130096EB79 /* Debug */ = {
			isa = XCBuildConfiguration;
			buildSettings = {
				CODE_SIGN_STYLE = Automatic;
				DEVELOPMENT_TEAM = J995UNL2CV;
				INFOPLIST_FILE = LaprasBoxUITests/Info.plist;
				LD_RUNPATH_SEARCH_PATHS = "$(inherited) @executable_path/Frameworks @loader_path/Frameworks";
				PRODUCT_BUNDLE_IDENTIFIER = "-34112686-163.com.LaprasBoxUITests";
				PRODUCT_NAME = "$(TARGET_NAME)";
				TARGETED_DEVICE_FAMILY = "1,2";
				TEST_TARGET_NAME = LaprasBox;
			};
			name = Debug;
		};
		4F3912C21FA979130096EB79 /* Release */ = {
			isa = XCBuildConfiguration;
			buildSettings = {
				CODE_SIGN_STYLE = Automatic;
				DEVELOPMENT_TEAM = J995UNL2CV;
				INFOPLIST_FILE = LaprasBoxUITests/Info.plist;
				LD_RUNPATH_SEARCH_PATHS = "$(inherited) @executable_path/Frameworks @loader_path/Frameworks";
				PRODUCT_BUNDLE_IDENTIFIER = "-34112686-163.com.LaprasBoxUITests";
				PRODUCT_NAME = "$(TARGET_NAME)";
				TARGETED_DEVICE_FAMILY = "1,2";
				TEST_TARGET_NAME = LaprasBox;
			};
			name = Release;
		};
/* End XCBuildConfiguration section */

/* Begin XCConfigurationList section */
		4F3912891FA979130096EB79 /* Build configuration list for PBXProject "LaprasBox" */ = {
			isa = XCConfigurationList;
			buildConfigurations = (
				4F3912B81FA979130096EB79 /* Debug */,
				4F3912B91FA979130096EB79 /* Release */,
			);
			defaultConfigurationIsVisible = 0;
			defaultConfigurationName = Release;
		};
		4F3912BA1FA979130096EB79 /* Build configuration list for PBXNativeTarget "LaprasBox" */ = {
			isa = XCConfigurationList;
			buildConfigurations = (
				4F3912BB1FA979130096EB79 /* Debug */,
				4F3912BC1FA979130096EB79 /* Release */,
			);
			defaultConfigurationIsVisible = 0;
			defaultConfigurationName = Release;
		};
		4F3912BD1FA979130096EB79 /* Build configuration list for PBXNativeTarget "LaprasBoxTests" */ = {
			isa = XCConfigurationList;
			buildConfigurations = (
				4F3912BE1FA979130096EB79 /* Debug */,
				4F3912BF1FA979130096EB79 /* Release */,
			);
			defaultConfigurationIsVisible = 0;
			defaultConfigurationName = Release;
		};
		4F3912C01FA979130096EB79 /* Build configuration list for PBXNativeTarget "LaprasBoxUITests" */ = {
			isa = XCConfigurationList;
			buildConfigurations = (
				4F3912C11FA979130096EB79 /* Debug */,
				4F3912C21FA979130096EB79 /* Release */,
			);
			defaultConfigurationIsVisible = 0;
			defaultConfigurationName = Release;
		};
/* End XCConfigurationList section */
	};
	rootObject = 4F3912861FA979130096EB79 /* Project object */;
}
